# This file is automatically @generated by Poetry 1.5.4 and should not be changed by hand.

[[package]]
name = "enter-leave"
version = "1.0.5"
description = ""
optional = false
python-versions = "*"
files = [
    {file = "enter-leave-1.0.5.tar.gz", hash = "sha256:2f6485197f214e5141c668180de29b7f145f4bc53c8e13eb0df959fb5c9a0e2b"},
]

[metadata]
lock-version = "2.0"
python-versions = ">=3.10.0,<3.12"
content-hash = "f233df1dcb64b099107876ebcaf3bdc82d283d127ea23663508f76e8e0c7c33d"
